
Microsoft Visual Studio Solution File, Format Version 12.00
Project("{FAE04EC0-301F-11D3-BF4B-00C04F79EFBC}") = "TwitchDropsDiscordBot", "TwitchDropsDiscordBot\TwitchDropsDiscordBot.csproj", "{E9CB494D-1782-4967-B149-EF6DC4A0F231}"
EndProject
Global
	GlobalSection(SolutionConfigurationPlatforms) = preSolution
		Debug|Any CPU = Debug|Any CPU
		Release|Any CPU = Release|Any CPU
	EndGlobalSection
	GlobalSection(ProjectConfigurationPlatforms) = postSolution
		{E9CB494D-1782-4967-B149-EF6DC4A0F231}.Debug|Any CPU.ActiveCfg = Debug|Any CPU
		{E9CB494D-1782-4967-B149-EF6DC4A0F231}.Debug|Any CPU.Build.0 = Debug|Any CPU
		{E9CB494D-1782-4967-B149-EF6DC4A0F231}.Release|Any CPU.ActiveCfg = Release|Any CPU
		{E9CB494D-1782-4967-B149-EF6DC4A0F231}.Release|Any CPU.Build.0 = Release|Any CPU
	EndGlobalSection
EndGlobal
